
Microsoft Visual Studio Solution File, Format Version 12.00
# Visual Studio Version 16
VisualStudioVersion = 16.0.30002.166
MinimumVisualStudioVersion = 10.0.40219.1
Project("{FAE04EC0-301F-11D3-BF4B-00C04F79EFBC}") = "SachinFirstTestWebApp", "SachinFirstTestWebApp.csproj", "{88F022B4-5D26-435F-BD58-CD1587F84A5B}"
EndProject
Global
	GlobalSection(SolutionConfigurationPlatforms) = preSolution
		Debug|Any CPU = Debug|Any CPU
		Release|Any CPU = Release|Any CPU
	EndGlobalSection
	GlobalSection(ProjectConfigurationPlatforms) = postSolution
		{88F022B4-5D26-435F-BD58-CD1587F84A5B}.Debug|Any CPU.ActiveCfg = Debug|Any CPU
		{88F022B4-5D26-435F-BD58-CD1587F84A5B}.Debug|Any CPU.Build.0 = Debug|Any CPU
		{88F022B4-5D26-435F-BD58-CD1587F84A5B}.Release|Any CPU.ActiveCfg = Release|Any CPU
		{88F022B4-5D26-435F-BD58-CD1587F84A5B}.Release|Any CPU.Build.0 = Release|Any CPU
	EndGlobalSection
	GlobalSection(SolutionProperties) = preSolution
		HideSolutionNode = FALSE
	EndGlobalSection
	GlobalSection(ExtensibilityGlobals) = postSolution
		SolutionGuid = {1A677B9D-AD15-4757-9DE7-A3C63CA68998}
	EndGlobalSection
EndGlobal
